
Microsoft Visual Studio Solution File, Format Version 12.00
# Visual Studio Version 17
VisualStudioVersion = 17.12.35707.178
MinimumVisualStudioVersion = 10.0.40219.1
Project("{FAE04EC0-301F-11D3-BF4B-00C04F79EFBC}") = "CMCSWeb", "CMCSWeb.csproj", "{156E6898-8528-4A75-A534-356C026C04DC}"
EndProject
Project("{FAE04EC0-301F-11D3-BF4B-00C04F79EFBC}") = "CMCSWeb.Tests", "..\CMCSWeb.Tests\CMCSWeb.Tests.csproj", "{D22BA4D5-DAE5-4568-A3F0-C33B83380C53}"
EndProject
Global
	GlobalSection(SolutionConfigurationPlatforms) = preSolution
		Debug|Any CPU = Debug|Any CPU
		Release|Any CPU = Release|Any CPU
	EndGlobalSection
	GlobalSection(ProjectConfigurationPlatforms) = postSolution
		{156E6898-8528-4A75-A534-356C026C04DC}.Debug|Any CPU.ActiveCfg = Debug|Any CPU
		{156E6898-8528-4A75-A534-356C026C04DC}.Debug|Any CPU.Build.0 = Debug|Any CPU
		{156E6898-8528-4A75-A534-356C026C04DC}.Release|Any CPU.ActiveCfg = Release|Any CPU
		{156E6898-8528-4A75-A534-356C026C04DC}.Release|Any CPU.Build.0 = Release|Any CPU
		{D22BA4D5-DAE5-4568-A3F0-C33B83380C53}.Debug|Any CPU.ActiveCfg = Debug|Any CPU
		{D22BA4D5-DAE5-4568-A3F0-C33B83380C53}.Debug|Any CPU.Build.0 = Debug|Any CPU
		{D22BA4D5-DAE5-4568-A3F0-C33B83380C53}.Release|Any CPU.ActiveCfg = Release|Any CPU
		{D22BA4D5-DAE5-4568-A3F0-C33B83380C53}.Release|Any CPU.Build.0 = Release|Any CPU
	EndGlobalSection
	GlobalSection(SolutionProperties) = preSolution
		HideSolutionNode = FALSE
	EndGlobalSection
	GlobalSection(ExtensibilityGlobals) = postSolution
		SolutionGuid = {A49EE648-561F-475F-899F-F352E7A327B1}
	EndGlobalSection
EndGlobal
